{
  "version": 4,
  "terraform_version": "1.5.7",
  "serial": 95,
  "lineage": "4cf73e49-e99f-55ff-0f2e-133b84b3c260",
  "outputs": {},
  "resources": [
    {
      "mode": "data",
      "type": "aws_eks_cluster",
      "name": "eks",
      "provider": "provider[\"registry.terraform.io/hashicorp/aws\"]",
      "instances": [
        {
          "schema_version": 0,
          "attributes": {
            "access_config": [
              {
                "authentication_mode": "API",
                "bootstrap_cluster_creator_admin_permissions": true
              }
            ],
            "arn": "arn:aws:eks:us-east-1:686255970991:cluster/dev-main",
            "certificate_authority": [
              {
                "data": "LS0tLS1CRUdJTiBDRVJUSUZJQ0FURS0tLS0tCk1JSURCVENDQWUyZ0F3SUJBZ0lJSGhHN3Fhc0RFR1l3RFFZSktvWklodmNOQVFFTEJRQXdGVEVUTUJFR0ExVUUKQXhNS2EzVmlaWEp1WlhSbGN6QWVGdzB5TlRFeU1EWXhNakF6TkRWYUZ3MHpOVEV5TURReE1qQTRORFZhTUJVeApFekFSQmdOVkJBTVRDbXQxWW1WeWJtVjBaWE13Z2dFaU1BMEdDU3FHU0liM0RRRUJBUVVBQTRJQkR3QXdnZ0VLCkFvSUJBUURFdENZSXZsamFKS1pwTUZPRUdGS05odUZxOXB4TUhNLzZxUmxxVjhYU2ROSTcrdVpXbzB0b25TYlMKbTlFaUZxS09nUXd5WmZFcGxxMVV0S0JMY09kQTJLek82YVpGZ3RtSWppdDkrVm1JMmZsVmlQN3ZOS25sc1VYWgpXTmx4Zm1FRm9rMlZGMmdSakxwZmhRWUtxMXViaXFyMTIvV0lZRXgzZWdhdzk0NXNhU2N1T3ZkVkJMTDdkeTc4CmVqVUYvMy9OeEhmdEZWaFkrWU56THcwWm8wQmFiU0pQZ3RqUVRvOGlGMDVzT2JpTDBkeThtUEtDR0dYUEZ5aHAKWnp4cGNFUk1NL0ZpR1BMaVArQjFuK1pUb1BjM1hJa2N2UjBKY29jUncxb1JqUG1iTWZFaHFxU0J4bHEvU2Y5LwprakhaRFYrTHRzcnVxZi9OVzMrcUxzSjA2OWwzQWdNQkFBR2pXVEJYTUE0R0ExVWREd0VCL3dRRUF3SUNwREFQCkJnTlZIUk1CQWY4RUJUQURBUUgvTUIwR0ExVWREZ1FXQkJUZk1HbXNaOG5keDUrMHVEWEpjWlNSU3Y2R2lUQVYKQmdOVkhSRUVEakFNZ2dwcmRXSmxjbTVsZEdWek1BMEdDU3FHU0liM0RRRUJDd1VBQTRJQkFRQ2JjMDJGc0cvdQpuWkRwK01YbUJlMDJYOFVLSjYzSWpRZXJsQWNWQ1IrUlFPRHM4aXF0dUFFZkJwMlVsZCtlSnFNZnNCM0ZKL0lZCkFlbkFVSEI2NFFZbVdCcU5NYnJ1Wit2WllTck5NTW5RMEZzWTdqRHZEYzhJNkJGUnRGdVUrc2FUK0JmWmZidVgKSE41cE9KeElxSE5OR3hNOG04OWVSYWZjR25pZXpVRyt2Vkd4aVNsVFo3YTVYZm5HaVoxNmVyOEhTb1RqYlJUegpoTDAyWHJRRndOL3ZLcldvaDVVYzJNVk10SGF2aTJjZHdQNmJjcDZKU2pqSHU2Rk0xTmdvQlFXenRsU0ZIN1JQClJPSzhpVGcwU1FSdUVmeWd6RWtmTnRwckhvMW9YT3QwTXlXOEIvS09qN3UrMWV2N3o0UEZZTlNVWFpVU3hRS2YKS3NHby9heDZQKzFsCi0tLS0tRU5EIENFUlRJRklDQVRFLS0tLS0K"
              }
            ],
            "cluster_id": null,
            "compute_config": [
              {
                "enabled": false,
                "node_pools": [],
                "node_role_arn": ""
              }
            ],
            "control_plane_scaling_config": [
              {
                "tier": "standard"
              }
            ],
            "created_at": "2025-12-06T12:02:45Z",
            "deletion_protection": false,
            "enabled_cluster_log_types": [],
            "endpoint": "https://D2C0A064B99E36AB28142BFD2F98A148.gr7.us-east-1.eks.amazonaws.com",
            "id": "dev-main",
            "identity": [
              {
                "oidc": [
                  {
                    "issuer": "https://oidc.eks.us-east-1.amazonaws.com/id/D2C0A064B99E36AB28142BFD2F98A148"
                  }
                ]
              }
            ],
            "kubernetes_network_config": [
              {
                "elastic_load_balancing": [
                  {
                    "enabled": false
                  }
                ],
                "ip_family": "ipv4",
                "service_ipv4_cidr": "172.20.0.0/16",
                "service_ipv6_cidr": ""
              }
            ],
            "name": "dev-main",
            "outpost_config": [],
            "platform_version": "eks.9",
            "region": "us-east-1",
            "remote_network_config": [],
            "role_arn": "arn:aws:iam::686255970991:role/dev-main-eks-cluster",
            "status": "ACTIVE",
            "storage_config": [
              {
                "block_storage": [
                  {
                    "enabled": false
                  }
                ]
              }
            ],
            "tags": {},
            "upgrade_policy": [
              {
                "support_type": "EXTENDED"
              }
            ],
            "version": "1.34",
            "vpc_config": [
              {
                "cluster_security_group_id": "sg-0f7f3f36bc4800db3",
                "endpoint_private_access": true,
                "endpoint_public_access": false,
                "public_access_cidrs": [],
                "security_group_ids": [],
                "subnet_ids": [
                  "subnet-029afe2578137c139",
                  "subnet-05c35849cee2097c8"
                ],
                "vpc_id": "vpc-0d0123663068ee233"
              }
            ],
            "zonal_shift_config": []
          },
          "sensitive_attributes": []
        }
      ]
    },
    {
      "mode": "data",
      "type": "aws_eks_cluster_auth",
      "name": "eks",
      "provider": "provider[\"registry.terraform.io/hashicorp/aws\"]",
      "instances": [
        {
          "schema_version": 0,
          "attributes": {
            "id": "dev-main",
            "name": "dev-main",
            "region": "us-east-1",
            "token": "k8s-aws-v1.aHR0cHM6Ly9zdHMudXMtZWFzdC0xLmFtYXpvbmF3cy5jb20vP0FjdGlvbj1HZXRDYWxsZXJJZGVudGl0eSZWZXJzaW9uPTIwMTEtMDYtMTUmWC1BbXotQWxnb3JpdGhtPUFXUzQtSE1BQy1TSEEyNTYmWC1BbXotQ3JlZGVudGlhbD1BS0lBWjdTQUxES1haQ0RZWTZUTiUyRjIwMjUxMjA2JTJGdXMtZWFzdC0xJTJGc3RzJTJGYXdzNF9yZXF1ZXN0JlgtQW16LURhdGU9MjAyNTEyMDZUMTIyNjA2WiZYLUFtei1FeHBpcmVzPTAmWC1BbXotU2lnbmVkSGVhZGVycz1ob3N0JTNCeC1rOHMtYXdzLWlkJlgtQW16LVNpZ25hdHVyZT0wMjEzZTJlMzQ1MzM0YjRjMGQ1Mzk4MDRiZjRjYjY4NjJjMzllOWYyYmZjMmU3YjIyNTg2ZmY0ZTQ1ZmFjMTVj"
          },
          "sensitive_attributes": []
        }
      ]
    },
    {
      "mode": "managed",
      "type": "aws_eks_cluster",
      "name": "eks",
      "provider": "provider[\"registry.terraform.io/hashicorp/aws\"]",
      "instances": [
        {
          "schema_version": 1,
          "attributes": {
            "access_config": [
              {
                "authentication_mode": "API",
                "bootstrap_cluster_creator_admin_permissions": true
              }
            ],
            "arn": "arn:aws:eks:us-east-1:686255970991:cluster/dev-main",
            "bootstrap_self_managed_addons": true,
            "certificate_authority": [
              {
                "data": "LS0tLS1CRUdJTiBDRVJUSUZJQ0FURS0tLS0tCk1JSURCVENDQWUyZ0F3SUJBZ0lJSGhHN3Fhc0RFR1l3RFFZSktvWklodmNOQVFFTEJRQXdGVEVUTUJFR0ExVUUKQXhNS2EzVmlaWEp1WlhSbGN6QWVGdzB5TlRFeU1EWXhNakF6TkRWYUZ3MHpOVEV5TURReE1qQTRORFZhTUJVeApFekFSQmdOVkJBTVRDbXQxWW1WeWJtVjBaWE13Z2dFaU1BMEdDU3FHU0liM0RRRUJBUVVBQTRJQkR3QXdnZ0VLCkFvSUJBUURFdENZSXZsamFKS1pwTUZPRUdGS05odUZxOXB4TUhNLzZxUmxxVjhYU2ROSTcrdVpXbzB0b25TYlMKbTlFaUZxS09nUXd5WmZFcGxxMVV0S0JMY09kQTJLek82YVpGZ3RtSWppdDkrVm1JMmZsVmlQN3ZOS25sc1VYWgpXTmx4Zm1FRm9rMlZGMmdSakxwZmhRWUtxMXViaXFyMTIvV0lZRXgzZWdhdzk0NXNhU2N1T3ZkVkJMTDdkeTc4CmVqVUYvMy9OeEhmdEZWaFkrWU56THcwWm8wQmFiU0pQZ3RqUVRvOGlGMDVzT2JpTDBkeThtUEtDR0dYUEZ5aHAKWnp4cGNFUk1NL0ZpR1BMaVArQjFuK1pUb1BjM1hJa2N2UjBKY29jUncxb1JqUG1iTWZFaHFxU0J4bHEvU2Y5LwprakhaRFYrTHRzcnVxZi9OVzMrcUxzSjA2OWwzQWdNQkFBR2pXVEJYTUE0R0ExVWREd0VCL3dRRUF3SUNwREFQCkJnTlZIUk1CQWY4RUJUQURBUUgvTUIwR0ExVWREZ1FXQkJUZk1HbXNaOG5keDUrMHVEWEpjWlNSU3Y2R2lUQVYKQmdOVkhSRUVEakFNZ2dwcmRXSmxjbTVsZEdWek1BMEdDU3FHU0liM0RRRUJDd1VBQTRJQkFRQ2JjMDJGc0cvdQpuWkRwK01YbUJlMDJYOFVLSjYzSWpRZXJsQWNWQ1IrUlFPRHM4aXF0dUFFZkJwMlVsZCtlSnFNZnNCM0ZKL0lZCkFlbkFVSEI2NFFZbVdCcU5NYnJ1Wit2WllTck5NTW5RMEZzWTdqRHZEYzhJNkJGUnRGdVUrc2FUK0JmWmZidVgKSE41cE9KeElxSE5OR3hNOG04OWVSYWZjR25pZXpVRyt2Vkd4aVNsVFo3YTVYZm5HaVoxNmVyOEhTb1RqYlJUegpoTDAyWHJRRndOL3ZLcldvaDVVYzJNVk10SGF2aTJjZHdQNmJjcDZKU2pqSHU2Rk0xTmdvQlFXenRsU0ZIN1JQClJPSzhpVGcwU1FSdUVmeWd6RWtmTnRwckhvMW9YT3QwTXlXOEIvS09qN3UrMWV2N3o0UEZZTlNVWFpVU3hRS2YKS3NHby9heDZQKzFsCi0tLS0tRU5EIENFUlRJRklDQVRFLS0tLS0K"
              }
            ],
            "cluster_id": null,
            "compute_config": [
              {
                "enabled": false,
                "node_pools": [],
                "node_role_arn": ""
              }
            ],
            "control_plane_scaling_config": [
              {
                "tier": "standard"
              }
            ],
            "created_at": "2025-12-06T12:02:45Z",
            "deletion_protection": false,
            "enabled_cluster_log_types": [],
            "encryption_config": [],
            "endpoint": "https://D2C0A064B99E36AB28142BFD2F98A148.gr7.us-east-1.eks.amazonaws.com",
            "force_update_version": null,
            "id": "dev-main",
            "identity": [
              {
                "oidc": [
                  {
                    "issuer": "https://oidc.eks.us-east-1.amazonaws.com/id/D2C0A064B99E36AB28142BFD2F98A148"
                  }
                ]
              }
            ],
            "kubernetes_network_config": [
              {
                "elastic_load_balancing": [
                  {
                    "enabled": false
                  }
                ],
                "ip_family": "ipv4",
                "service_ipv4_cidr": "172.20.0.0/16",
                "service_ipv6_cidr": ""
              }
            ],
            "name": "dev-main",
            "outpost_config": [],
            "platform_version": "eks.9",
            "region": "us-east-1",
            "remote_network_config": [],
            "role_arn": "arn:aws:iam::686255970991:role/dev-main-eks-cluster",
            "status": "ACTIVE",
            "storage_config": [
              {
                "block_storage": [
                  {
                    "enabled": false
                  }
                ]
              }
            ],
            "tags": {},
            "tags_all": {},
            "timeouts": null,
            "upgrade_policy": [
              {
                "support_type": "EXTENDED"
              }
            ],
            "version": "1.34",
            "vpc_config": [
              {
                "cluster_security_group_id": "sg-0f7f3f36bc4800db3",
                "endpoint_private_access": true,
                "endpoint_public_access": false,
                "public_access_cidrs": [],
                "security_group_ids": [],
                "subnet_ids": [
                  "subnet-029afe2578137c139",
                  "subnet-05c35849cee2097c8"
                ],
                "vpc_id": "vpc-0d0123663068ee233"
              }
            ],
            "zonal_shift_config": []
          },
          "sensitive_attributes": [],
          "private": "eyJlMmJmYjczMC1lY2FhLTExZTYtOGY4OC0zNDM2M2JjN2M0YzAiOnsiY3JlYXRlIjoxODAwMDAwMDAwMDAwLCJkZWxldGUiOjkwMDAwMDAwMDAwMCwidXBkYXRlIjozNjAwMDAwMDAwMDAwfSwic2NoZW1hX3ZlcnNpb24iOiIxIn0=",
          "dependencies": [
            "aws_iam_role.eks",
            "aws_iam_role_policy_attachment.eks",
            "module.vpc.aws_subnet.private",
            "module.vpc.aws_vpc.this",
            "module.vpc.aws_vpc_ipv4_cidr_block_association.this"
          ]
        }
      ]
    },
    {
      "mode": "managed",
      "type": "aws_eks_node_group",
      "name": "general",
      "provider": "provider[\"registry.terraform.io/hashicorp/aws\"]",
      "instances": [
        {
          "schema_version": 0,
          "attributes": {
            "ami_type": "AL2023_x86_64_STANDARD",
            "arn": "arn:aws:eks:us-east-1:686255970991:nodegroup/dev-main/general/fccd79ca-01e6-928d-bab2-cc1dd07985d5",
            "capacity_type": "ON_DEMAND",
            "cluster_name": "dev-main",
            "disk_size": 20,
            "force_update_version": null,
            "id": "dev-main:general",
            "instance_types": [
              "t3.large"
            ],
            "labels": {
              "role": "general"
            },
            "launch_template": [],
            "node_group_name": "general",
            "node_group_name_prefix": "",
            "node_repair_config": [],
            "node_role_arn": "arn:aws:iam::686255970991:role/dev-main-eks-nodes",
            "region": "us-east-1",
            "release_version": "1.34.2-20251120",
            "remote_access": [],
            "resources": [
              {
                "autoscaling_groups": [
                  {
                    "name": "eks-general-fccd79ca-01e6-928d-bab2-cc1dd07985d5"
                  }
                ],
                "remote_access_security_group_id": ""
              }
            ],
            "scaling_config": [
              {
                "desired_size": 1,
                "max_size": 10,
                "min_size": 0
              }
            ],
            "status": "ACTIVE",
            "subnet_ids": [
              "subnet-029afe2578137c139",
              "subnet-05c35849cee2097c8"
            ],
            "tags": {},
            "tags_all": {},
            "taint": [],
            "timeouts": null,
            "update_config": [
              {
                "max_unavailable": 1,
                "max_unavailable_percentage": 0
              }
            ],
            "version": "1.34"
          },
          "sensitive_attributes": [],
          "private": "eyJlMmJmYjczMC1lY2FhLTExZTYtOGY4OC0zNDM2M2JjN2M0YzAiOnsiY3JlYXRlIjozNjAwMDAwMDAwMDAwLCJkZWxldGUiOjM2MDAwMDAwMDAwMDAsInVwZGF0ZSI6MzYwMDAwMDAwMDAwMH19",
          "dependencies": [
            "aws_eks_cluster.eks",
            "aws_iam_role.eks",
            "aws_iam_role.nodes",
            "aws_iam_role_policy_attachment.amazon_ec2_container_registry_read_only",
            "aws_iam_role_policy_attachment.amazon_eks_cni_policy",
            "aws_iam_role_policy_attachment.amazon_eks_worker_node_policy",
            "aws_iam_role_policy_attachment.eks",
            "module.vpc.aws_subnet.private",
            "module.vpc.aws_vpc.this",
            "module.vpc.aws_vpc_ipv4_cidr_block_association.this"
          ]
        }
      ]
    },
    {
      "mode": "managed",
      "type": "aws_iam_role",
      "name": "eks",
      "provider": "provider[\"registry.terraform.io/hashicorp/aws\"]",
      "instances": [
        {
          "schema_version": 0,
          "attributes": {
            "arn": "arn:aws:iam::686255970991:role/dev-main-eks-cluster",
            "assume_role_policy": "{\"Statement\":[{\"Action\":\"sts:AssumeRole\",\"Effect\":\"Allow\",\"Principal\":{\"Service\":\"eks.amazonaws.com\"}}],\"Version\":\"2012-10-17\"}",
            "create_date": "2025-12-06T12:02:41Z",
            "description": "",
            "force_detach_policies": false,
            "id": "dev-main-eks-cluster",
            "inline_policy": [],
            "managed_policy_arns": [
              "arn:aws:iam::aws:policy/AmazonEKSClusterPolicy"
            ],
            "max_session_duration": 3600,
            "name": "dev-main-eks-cluster",
            "name_prefix": "",
            "path": "/",
            "permissions_boundary": "",
            "tags": {},
            "tags_all": {},
            "unique_id": "AROAZ7SALDKXQR2FYVPFI"
          },
          "sensitive_attributes": [],
          "private": "bnVsbA=="
        }
      ]
    },
    {
      "mode": "managed",
      "type": "aws_iam_role",
      "name": "nodes",
      "provider": "provider[\"registry.terraform.io/hashicorp/aws\"]",
      "instances": [
        {
          "schema_version": 0,
          "attributes": {
            "arn": "arn:aws:iam::686255970991:role/dev-main-eks-nodes",
            "assume_role_policy": "{\"Statement\":[{\"Action\":\"sts:AssumeRole\",\"Effect\":\"Allow\",\"Principal\":{\"Service\":\"ec2.amazonaws.com\"}}],\"Version\":\"2012-10-17\"}",
            "create_date": "2025-12-06T12:02:41Z",
            "description": "",
            "force_detach_policies": false,
            "id": "dev-main-eks-nodes",
            "inline_policy": [],
            "managed_policy_arns": [
              "arn:aws:iam::aws:policy/AmazonEC2ContainerRegistryReadOnly",
              "arn:aws:iam::aws:policy/AmazonEKSWorkerNodePolicy",
              "arn:aws:iam::aws:policy/AmazonEKS_CNI_Policy"
            ],
            "max_session_duration": 3600,
            "name": "dev-main-eks-nodes",
            "name_prefix": "",
            "path": "/",
            "permissions_boundary": "",
            "tags": {},
            "tags_all": {},
            "unique_id": "AROAZ7SALDKX57XMCE23U"
          },
          "sensitive_attributes": [],
          "private": "bnVsbA=="
        }
      ]
    },
    {
      "mode": "managed",
      "type": "aws_iam_role_policy_attachment",
      "name": "amazon_ec2_container_registry_read_only",
      "provider": "provider[\"registry.terraform.io/hashicorp/aws\"]",
      "instances": [
        {
          "schema_version": 0,
          "attributes": {
            "id": "dev-main-eks-nodes/arn:aws:iam::aws:policy/AmazonEC2ContainerRegistryReadOnly",
            "policy_arn": "arn:aws:iam::aws:policy/AmazonEC2ContainerRegistryReadOnly",
            "role": "dev-main-eks-nodes"
          },
          "sensitive_attributes": [],
          "private": "bnVsbA==",
          "dependencies": [
            "aws_iam_role.nodes"
          ]
        }
      ]
    },
    {
      "mode": "managed",
      "type": "aws_iam_role_policy_attachment",
      "name": "amazon_eks_cni_policy",
      "provider": "provider[\"registry.terraform.io/hashicorp/aws\"]",
      "instances": [
        {
          "schema_version": 0,
          "attributes": {
            "id": "dev-main-eks-nodes/arn:aws:iam::aws:policy/AmazonEKS_CNI_Policy",
            "policy_arn": "arn:aws:iam::aws:policy/AmazonEKS_CNI_Policy",
            "role": "dev-main-eks-nodes"
          },
          "sensitive_attributes": [],
          "private": "bnVsbA==",
          "dependencies": [
            "aws_iam_role.nodes"
          ]
        }
      ]
    },
    {
      "mode": "managed",
      "type": "aws_iam_role_policy_attachment",
      "name": "amazon_eks_worker_node_policy",
      "provider": "provider[\"registry.terraform.io/hashicorp/aws\"]",
      "instances": [
        {
          "schema_version": 0,
          "attributes": {
            "id": "dev-main-eks-nodes/arn:aws:iam::aws:policy/AmazonEKSWorkerNodePolicy",
            "policy_arn": "arn:aws:iam::aws:policy/AmazonEKSWorkerNodePolicy",
            "role": "dev-main-eks-nodes"
          },
          "sensitive_attributes": [],
          "private": "bnVsbA==",
          "dependencies": [
            "aws_iam_role.nodes"
          ]
        }
      ]
    },
    {
      "mode": "managed",
      "type": "aws_iam_role_policy_attachment",
      "name": "eks",
      "provider": "provider[\"registry.terraform.io/hashicorp/aws\"]",
      "instances": [
        {
          "schema_version": 0,
          "attributes": {
            "id": "dev-main-eks-cluster/arn:aws:iam::aws:policy/AmazonEKSClusterPolicy",
            "policy_arn": "arn:aws:iam::aws:policy/AmazonEKSClusterPolicy",
            "role": "dev-main-eks-cluster"
          },
          "sensitive_attributes": [],
          "private": "bnVsbA==",
          "dependencies": [
            "aws_iam_role.eks"
          ]
        }
      ]
    },
    {
      "mode": "managed",
      "type": "aws_route53_zone",
      "name": "example_private",
      "provider": "provider[\"registry.terraform.io/hashicorp/aws\"]",
      "instances": [
        {
          "schema_version": 0,
          "attributes": {
            "arn": "arn:aws:route53:::hostedzone/Z011928020XZMQ583Q3CX",
            "comment": "Managed by Terraform",
            "delegation_set_id": "",
            "enable_accelerated_recovery": false,
            "force_destroy": false,
            "id": "Z011928020XZMQ583Q3CX",
            "name": "example.pvt",
            "name_servers": [
              "ns-0.awsdns-00.com.",
              "ns-1024.awsdns-00.org.",
              "ns-1536.awsdns-00.co.uk.",
              "ns-512.awsdns-00.net."
            ],
            "primary_name_server": "ns-0.awsdns-00.com.",
            "tags": {},
            "tags_all": {},
            "timeouts": null,
            "vpc": [
              {
                "vpc_id": "vpc-0d0123663068ee233",
                "vpc_region": "us-east-1"
              }
            ],
            "zone_id": "Z011928020XZMQ583Q3CX"
          },
          "sensitive_attributes": [],
          "private": "eyJlMmJmYjczMC1lY2FhLTExZTYtOGY4OC0zNDM2M2JjN2M0YzAiOnsiY3JlYXRlIjoxODAwMDAwMDAwMDAwLCJkZWxldGUiOjE4MDAwMDAwMDAwMDAsInVwZGF0ZSI6MTgwMDAwMDAwMDAwMH19",
          "dependencies": [
            "module.vpc.aws_vpc.this"
          ]
        }
      ]
    },
    {
      "mode": "managed",
      "type": "helm_release",
      "name": "grafana",
      "provider": "provider[\"registry.terraform.io/hashicorp/helm\"]",
      "instances": [
        {
          "schema_version": 2,
          "attributes": {
            "atomic": false,
            "chart": "grafana",
            "cleanup_on_fail": false,
            "create_namespace": true,
            "dependency_update": false,
            "description": null,
            "devel": null,
            "disable_crd_hooks": false,
            "disable_openapi_validation": false,
            "disable_webhooks": false,
            "force_update": false,
            "id": "grafana",
            "keyring": null,
            "lint": false,
            "manifest": null,
            "max_history": 0,
            "metadata": {
              "app_version": "12.2.0",
              "chart": "grafana",
              "first_deployed": 1765023418,
              "last_deployed": 1765023418,
              "name": "grafana",
              "namespace": "monitoring",
              "notes": "1. Get your 'admin' user password by running:\n\n   kubectl get secret --namespace monitoring grafana -o jsonpath=\"{.data.admin-password}\" | base64 --decode ; echo\n\n\n2. The Grafana server can be accessed via port 80 on the following DNS name from within your cluster:\n\n   grafana.monitoring.svc.cluster.local\n\n   If you bind grafana to 80, please update values in values.yaml and reinstall:\n   ```\n   securityContext:\n     runAsUser: 0\n     runAsGroup: 0\n     fsGroup: 0\n\n   command:\n   - \"setcap\"\n   - \"'cap_net_bind_service=+ep'\"\n   - \"/usr/sbin/grafana-server \u0026\u0026\"\n   - \"sh\"\n   - \"/run.sh\"\n   ```\n   Details refer to https://grafana.com/docs/installation/configuration/#http-port.\n   Or grafana would always crash.\n\n   From outside the cluster, the server URL(s) are:\n     http://grafana.example.pvt\n\n3. Login with the password from step 1 and the username: admin\n#################################################################################\n######   WARNING: Persistence is disabled!!! You will lose your data when   #####\n######            the Grafana pod is terminated.                            #####\n#################################################################################\n",
              "revision": 1,
              "values": "{\"adminPassword\":\"devops123\",\"adminUser\":\"admin\",\"deploymentStrategy\":{\"type\":\"Recreate\"},\"ingress\":{\"enabled\":true,\"hosts\":[\"grafana.example.pvt\"],\"ingressClassName\":\"internal-nginx\",\"path\":\"/\",\"pathType\":\"Prefix\"}}",
              "version": "10.1.1"
            },
            "name": "grafana",
            "namespace": "monitoring",
            "pass_credentials": false,
            "postrender": null,
            "recreate_pods": false,
            "render_subchart_notes": true,
            "replace": false,
            "repository": "https://grafana.github.io/helm-charts",
            "repository_ca_file": null,
            "repository_cert_file": null,
            "repository_key_file": null,
            "repository_password": null,
            "repository_username": null,
            "reset_values": false,
            "resources": null,
            "reuse_values": false,
            "set": null,
            "set_list": null,
            "set_sensitive": null,
            "set_wo": null,
            "set_wo_revision": null,
            "skip_crds": false,
            "status": "deployed",
            "take_ownership": false,
            "timeout": 300,
            "timeouts": null,
            "upgrade_install": false,
            "values": [
              "---\nadminUser: admin\nadminPassword: devops123\n\ndeploymentStrategy:\n  type: Recreate\n\ningress:\n  enabled: true\n  ingressClassName: internal-nginx\n  path: /\n  pathType: Prefix\n  hosts:\n  - grafana.example.pvt\n"
            ],
            "verify": false,
            "version": "10.1.1",
            "wait": true,
            "wait_for_jobs": false
          },
          "sensitive_attributes": [],
          "dependencies": [
            "aws_eks_cluster.eks",
            "aws_eks_node_group.general",
            "aws_iam_role.eks",
            "aws_iam_role.nodes",
            "aws_iam_role_policy_attachment.amazon_ec2_container_registry_read_only",
            "aws_iam_role_policy_attachment.amazon_eks_cni_policy",
            "aws_iam_role_policy_attachment.amazon_eks_worker_node_policy",
            "aws_iam_role_policy_attachment.eks",
            "data.aws_eks_cluster.eks",
            "data.aws_eks_cluster_auth.eks",
            "helm_release.internal_nginx",
            "module.vpc.aws_subnet.private",
            "module.vpc.aws_vpc.this",
            "module.vpc.aws_vpc_ipv4_cidr_block_association.this"
          ]
        }
      ]
    },
    {
      "mode": "managed",
      "type": "helm_release",
      "name": "internal_nginx",
      "provider": "provider[\"registry.terraform.io/hashicorp/helm\"]",
      "instances": [
        {
          "schema_version": 2,
          "attributes": {
            "atomic": false,
            "chart": "ingress-nginx",
            "cleanup_on_fail": false,
            "create_namespace": true,
            "dependency_update": false,
            "description": null,
            "devel": null,
            "disable_crd_hooks": false,
            "disable_openapi_validation": false,
            "disable_webhooks": false,
            "force_update": false,
            "id": "internal",
            "keyring": null,
            "lint": false,
            "manifest": null,
            "max_history": 0,
            "metadata": {
              "app_version": "1.13.3",
              "chart": "ingress-nginx",
              "first_deployed": 1765023238,
              "last_deployed": 1765023238,
              "name": "internal",
              "namespace": "ingress",
              "notes": "The ingress-nginx controller has been installed.\nIt may take a few minutes for the load balancer IP to be available.\nYou can watch the status by running 'kubectl get service --namespace ingress internal-ingress-nginx-controller --output wide --watch'\n\nAn example Ingress that makes use of the controller:\n  apiVersion: networking.k8s.io/v1\n  kind: Ingress\n  metadata:\n    name: example\n    namespace: foo\n  spec:\n    ingressClassName: internal-nginx\n    rules:\n      - host: www.example.com\n        http:\n          paths:\n            - pathType: Prefix\n              backend:\n                service:\n                  name: exampleService\n                  port:\n                    number: 80\n              path: /\n    # This section is only required if TLS is to be enabled for the Ingress\n    tls:\n      - hosts:\n        - www.example.com\n        secretName: example-tls\n\nIf TLS is enabled for the Ingress, a Secret containing the certificate and key must also be provided:\n\n  apiVersion: v1\n  kind: Secret\n  metadata:\n    name: example-tls\n    namespace: foo\n  data:\n    tls.crt: \u003cbase64 encoded cert\u003e\n    tls.key: \u003cbase64 encoded key\u003e\n  type: kubernetes.io/tls\n",
              "revision": 1,
              "values": "{\"controller\":{\"ingressClassResource\":{\"name\":\"internal-nginx\"},\"service\":{\"annotations\":{\"service.beta.kubernetes.io/aws-load-balancer-internal\":\"true\"}}}}",
              "version": "4.13.3"
            },
            "name": "internal",
            "namespace": "ingress",
            "pass_credentials": false,
            "postrender": null,
            "recreate_pods": false,
            "render_subchart_notes": true,
            "replace": false,
            "repository": "https://kubernetes.github.io/ingress-nginx",
            "repository_ca_file": null,
            "repository_cert_file": null,
            "repository_key_file": null,
            "repository_password": null,
            "repository_username": null,
            "reset_values": false,
            "resources": null,
            "reuse_values": false,
            "set": null,
            "set_list": null,
            "set_sensitive": null,
            "set_wo": null,
            "set_wo_revision": null,
            "skip_crds": false,
            "status": "deployed",
            "take_ownership": false,
            "timeout": 300,
            "timeouts": null,
            "upgrade_install": false,
            "values": [
              "---\ncontroller:\n  ingressClassResource:\n    name: internal-nginx\n  service:\n    annotations:\n      service.beta.kubernetes.io/aws-load-balancer-internal: \"true\"\n"
            ],
            "verify": false,
            "version": "4.13.3",
            "wait": true,
            "wait_for_jobs": false
          },
          "sensitive_attributes": [],
          "dependencies": [
            "aws_eks_cluster.eks",
            "aws_eks_node_group.general",
            "aws_iam_role.eks",
            "aws_iam_role.nodes",
            "aws_iam_role_policy_attachment.amazon_ec2_container_registry_read_only",
            "aws_iam_role_policy_attachment.amazon_eks_cni_policy",
            "aws_iam_role_policy_attachment.amazon_eks_worker_node_policy",
            "aws_iam_role_policy_attachment.eks",
            "data.aws_eks_cluster.eks",
            "data.aws_eks_cluster_auth.eks",
            "module.vpc.aws_subnet.private",
            "module.vpc.aws_vpc.this",
            "module.vpc.aws_vpc_ipv4_cidr_block_association.this"
          ]
        }
      ]
    },
    {
      "module": "module.vpc",
      "mode": "managed",
      "type": "aws_subnet",
      "name": "private",
      "provider": "provider[\"registry.terraform.io/hashicorp/aws\"]",
      "instances": [
        {
          "index_key": 0,
          "schema_version": 1,
          "attributes": {
            "arn": "arn:aws:ec2:us-east-1:686255970991:subnet/subnet-05c35849cee2097c8",
            "assign_ipv6_address_on_creation": false,
            "availability_zone": "us-east-1a",
            "availability_zone_id": "use1-az1",
            "cidr_block": "10.0.0.0/19",
            "customer_owned_ipv4_pool": "",
            "enable_dns64": false,
            "enable_lni_at_device_index": 0,
            "enable_resource_name_dns_a_record_on_launch": false,
            "enable_resource_name_dns_aaaa_record_on_launch": false,
            "id": "subnet-05c35849cee2097c8",
            "ipv6_cidr_block": "",
            "ipv6_cidr_block_association_id": "",
            "ipv6_native": false,
            "map_customer_owned_ip_on_launch": false,
            "map_public_ip_on_launch": false,
            "outpost_arn": "",
            "owner_id": "686255970991",
            "private_dns_hostname_type_on_launch": "ip-name",
            "region": "us-east-1",
            "tags": {
              "Env": "dev",
              "Name": "dev-private-us-east-1a",
              "kubernetes.io/cluster/dev-main": "shared",
              "kubernetes.io/role/internal-elb": "1"
            },
            "tags_all": {
              "Env": "dev",
              "Name": "dev-private-us-east-1a",
              "kubernetes.io/cluster/dev-main": "shared",
              "kubernetes.io/role/internal-elb": "1"
            },
            "timeouts": null,
            "vpc_id": "vpc-0d0123663068ee233"
          },
          "sensitive_attributes": [],
          "private": "eyJlMmJmYjczMC1lY2FhLTExZTYtOGY4OC0zNDM2M2JjN2M0YzAiOnsiY3JlYXRlIjo2MDAwMDAwMDAwMDAsImRlbGV0ZSI6MTIwMDAwMDAwMDAwMH0sInNjaGVtYV92ZXJzaW9uIjoiMSJ9",
          "dependencies": [
            "module.vpc.aws_vpc.this",
            "module.vpc.aws_vpc_ipv4_cidr_block_association.this"
          ]
        },
        {
          "index_key": 1,
          "schema_version": 1,
          "attributes": {
            "arn": "arn:aws:ec2:us-east-1:686255970991:subnet/subnet-029afe2578137c139",
            "assign_ipv6_address_on_creation": false,
            "availability_zone": "us-east-1b",
            "availability_zone_id": "use1-az2",
            "cidr_block": "10.0.32.0/19",
            "customer_owned_ipv4_pool": "",
            "enable_dns64": false,
            "enable_lni_at_device_index": 0,
            "enable_resource_name_dns_a_record_on_launch": false,
            "enable_resource_name_dns_aaaa_record_on_launch": false,
            "id": "subnet-029afe2578137c139",
            "ipv6_cidr_block": "",
            "ipv6_cidr_block_association_id": "",
            "ipv6_native": false,
            "map_customer_owned_ip_on_launch": false,
            "map_public_ip_on_launch": false,
            "outpost_arn": "",
            "owner_id": "686255970991",
            "private_dns_hostname_type_on_launch": "ip-name",
            "region": "us-east-1",
            "tags": {
              "Env": "dev",
              "Name": "dev-private-us-east-1b",
              "kubernetes.io/cluster/dev-main": "shared",
              "kubernetes.io/role/internal-elb": "1"
            },
            "tags_all": {
              "Env": "dev",
              "Name": "dev-private-us-east-1b",
              "kubernetes.io/cluster/dev-main": "shared",
              "kubernetes.io/role/internal-elb": "1"
            },
            "timeouts": null,
            "vpc_id": "vpc-0d0123663068ee233"
          },
          "sensitive_attributes": [],
          "private": "eyJlMmJmYjczMC1lY2FhLTExZTYtOGY4OC0zNDM2M2JjN2M0YzAiOnsiY3JlYXRlIjo2MDAwMDAwMDAwMDAsImRlbGV0ZSI6MTIwMDAwMDAwMDAwMH0sInNjaGVtYV92ZXJzaW9uIjoiMSJ9",
          "dependencies": [
            "module.vpc.aws_vpc.this",
            "module.vpc.aws_vpc_ipv4_cidr_block_association.this"
          ]
        }
      ]
    },
    {
      "module": "module.vpc",
      "mode": "managed",
      "type": "aws_vpc",
      "name": "this",
      "provider": "provider[\"registry.terraform.io/hashicorp/aws\"]",
      "instances": [
        {
          "index_key": 0,
          "schema_version": 1,
          "attributes": {
            "arn": "arn:aws:ec2:us-east-1:686255970991:vpc/vpc-0d0123663068ee233",
            "assign_generated_ipv6_cidr_block": false,
            "cidr_block": "10.0.0.0/16",
            "default_network_acl_id": "acl-0a7e7a4023e6b1cbe",
            "default_route_table_id": "rtb-05bbf93414909a36b",
            "default_security_group_id": "sg-0ad0500a10bca854f",
            "dhcp_options_id": "dopt-06cbdd5b4e1f10b6e",
            "enable_dns_hostnames": true,
            "enable_dns_support": true,
            "enable_network_address_usage_metrics": false,
            "id": "vpc-0d0123663068ee233",
            "instance_tenancy": "default",
            "ipv4_ipam_pool_id": null,
            "ipv4_netmask_length": null,
            "ipv6_association_id": "",
            "ipv6_cidr_block": "",
            "ipv6_cidr_block_network_border_group": "",
            "ipv6_ipam_pool_id": "",
            "ipv6_netmask_length": 0,
            "main_route_table_id": "rtb-05bbf93414909a36b",
            "owner_id": "686255970991",
            "region": "us-east-1",
            "tags": {
              "Env": "dev",
              "Name": "dev"
            },
            "tags_all": {
              "Env": "dev",
              "Name": "dev"
            }
          },
          "sensitive_attributes": [],
          "private": "eyJzY2hlbWFfdmVyc2lvbiI6IjEifQ=="
        }
      ]
    }
  ],
  "check_results": null
}
